
Microsoft Visual Studio Solution File, Format Version 12.00
# Visual Studio Version 16
VisualStudioVersion = 16.0.29102.190
MinimumVisualStudioVersion = 10.0.40219.1
Project("{FAE04EC0-301F-11D3-BF4B-00C04F79EFBC}") = "MovieWatcher.Server", "MovieWatcher.Server.csproj", "{3628004B-AB0F-4CBA-9C49-51B6DCEDB935}"
EndProject
Global
	GlobalSection(SolutionConfigurationPlatforms) = preSolution
		Debug|Any CPU = Debug|Any CPU
		Release|Any CPU = Release|Any CPU
	EndGlobalSection
	GlobalSection(ProjectConfigurationPlatforms) = postSolution
		{3628004B-AB0F-4CBA-9C49-51B6DCEDB935}.Debug|Any CPU.ActiveCfg = Debug|Any CPU
		{3628004B-AB0F-4CBA-9C49-51B6DCEDB935}.Debug|Any CPU.Build.0 = Debug|Any CPU
		{3628004B-AB0F-4CBA-9C49-51B6DCEDB935}.Release|Any CPU.ActiveCfg = Release|Any CPU
		{3628004B-AB0F-4CBA-9C49-51B6DCEDB935}.Release|Any CPU.Build.0 = Release|Any CPU
	EndGlobalSection
	GlobalSection(SolutionProperties) = preSolution
		HideSolutionNode = FALSE
	EndGlobalSection
	GlobalSection(ExtensibilityGlobals) = postSolution
		SolutionGuid = {AF8D2B49-270B-470E-8F43-C5573E65AAA1}
	EndGlobalSection
EndGlobal
